
Microsoft Visual Studio Solution File, Format Version 12.00
# Visual Studio Version 16
VisualStudioVersion = 16.0.32228.343
MinimumVisualStudioVersion = 10.0.40219.1
Project("{FAE04EC0-301F-11D3-BF4B-00C04F79EFBC}") = "ConvertDepthMapToPointCloud", "Advanced\ConvertDepthMapToPointCloud\ConvertDepthMapToPointCloud.csproj", "{9676CDF5-B48D-4ECF-B337-621FF20092D8}"
EndProject
Project("{FAE04EC0-301F-11D3-BF4B-00C04F79EFBC}") = "Capture2DImage", "Basic\Capture2DImage\Capture2DImage.csproj", "{EDAAF5D2-9369-4DDC-8382-9D41CB5F5279}"
EndProject
Project("{FAE04EC0-301F-11D3-BF4B-00C04F79EFBC}") = "CaptureDepthMap", "Basic\CaptureDepthMap\CaptureDepthMap.csproj", "{7D746F40-0729-4094-9DA8-7D4A49F5D72D}"
EndProject
Project("{FAE04EC0-301F-11D3-BF4B-00C04F79EFBC}") = "ConnectToCamera", "Basic\ConnectToCamera\ConnectToCamera.csproj", "{2952ED3D-5E77-4F15-8627-C74DD5A6F4A3}"
EndProject
Project("{FAE04EC0-301F-11D3-BF4B-00C04F79EFBC}") = "HandEyeCalibration", "Calibration\HandEyeCalibration\HandEyeCalibration.csproj", "{0B1ACEF0-0B2A-440A-B42B-03829F431188}"
EndProject
Project("{FAE04EC0-301F-11D3-BF4B-00C04F79EFBC}") = "GetCameraIntrinsics", "Util\GetCameraIntrinsics\GetCameraIntrinsics.csproj", "{EB53944D-78C5-4E0B-BB78-B59C4CB07732}"
EndProject
Project("{FAE04EC0-301F-11D3-BF4B-00C04F79EFBC}") = "PrintCameraInfo", "Util\PrintCameraInfo\PrintCameraInfo.csproj", "{6BE8D07B-6DFD-4AB8-A129-7930FB230107}"
EndProject
Project("{FAE04EC0-301F-11D3-BF4B-00C04F79EFBC}") = "SetDepthRange", "Util\SetDepthRange\SetDepthRange.csproj", "{2FC8A72A-6A6A-44A8-B051-71ACD2F8D20D}"
EndProject
Project("{FAE04EC0-301F-11D3-BF4B-00C04F79EFBC}") = "CapturePointCloudHDR", "Basic\CapturePointCloudHDR\CapturePointCloudHDR.csproj", "{EFDEB798-4D61-4A79-9981-8E755ECB158B}"
EndProject
Project("{FAE04EC0-301F-11D3-BF4B-00C04F79EFBC}") = "CapturePointCloud", "Basic\CapturePointCloud\CapturePointCloud.csproj", "{7E497210-9394-42C1-AA77-39ECA4FCDD9B}"
EndProject
Project("{FAE04EC0-301F-11D3-BF4B-00C04F79EFBC}") = "CapturePeriodically", "Advanced\CapturePeriodically\CapturePeriodically.csproj", "{B886D300-E70D-4530-9B38-046F91E7A133}"
EndProject
Project("{FAE04EC0-301F-11D3-BF4B-00C04F79EFBC}") = "CaptureDepthSource2DImage", "Advanced\CaptureDepthSource2DImage\CaptureDepthSource2DImage.csproj", "{3C9D8BA2-9B0E-4E1F-A3E9-BD095D4F28C1}"
EndProject
Project("{FAE04EC0-301F-11D3-BF4B-00C04F79EFBC}") = "MultipleCamerasCaptureSequentially", "Advanced\MultipleCamerasCaptureSequentially\MultipleCamerasCaptureSequentially.csproj", "{5762BB21-7544-492F-A3C4-A8FD68267019}"
EndProject
Project("{FAE04EC0-301F-11D3-BF4B-00C04F79EFBC}") = "MultipleCamerasCaptureSimultaneously", "Advanced\MultipleCamerasCaptureSimultaneously\MultipleCamerasCaptureSimultaneously.csproj", "{B9366EAE-914F-442F-A339-B620B95BCB49}"
EndProject
Project("{FAE04EC0-301F-11D3-BF4B-00C04F79EFBC}") = "ConnectAndCaptureImages", "Basic\ConnectAndCaptureImages\ConnectAndCaptureImages.csproj", "{A6F98E9B-6E26-4D54-8E4A-B468DB0D4403}"
EndProject
Project("{FAE04EC0-301F-11D3-BF4B-00C04F79EFBC}") = "CapturePointCloudWithNormals", "Basic\CapturePointCloudWithNormals\CapturePointCloudWithNormals.csproj", "{9623575F-75D4-488C-92AE-D367403FA230}"
EndProject
Project("{2150E333-8FDC-42A3-9474-1A3956D46DE8}") = "Basic", "Basic", "{7F571407-D08F-48B4-BAA3-C4D4DF63F453}"
EndProject
Project("{2150E333-8FDC-42A3-9474-1A3956D46DE8}") = "Calibration", "Calibration", "{D90FD97A-C8E1-46D6-86BB-A4C1C4CB061E}"
EndProject
Project("{2150E333-8FDC-42A3-9474-1A3956D46DE8}") = "Advanced", "Advanced", "{209A38F1-163D-4173-9ED2-BD59CD3BA1DA}"
EndProject
Project("{2150E333-8FDC-42A3-9474-1A3956D46DE8}") = "Util", "Util", "{65AAF933-29E5-46B7-BDA7-C4F0DA611C09}"
EndProject
Project("{FAE04EC0-301F-11D3-BF4B-00C04F79EFBC}") = "SetPointCloudProcessingParameters", "Util\SetPointCloudProcessingParameters\SetPointCloudProcessingParameters.csproj", "{EE028242-AA11-449B-B438-737C30AD6DF7}"
EndProject
Project("{FAE04EC0-301F-11D3-BF4B-00C04F79EFBC}") = "SetScanningParameters", "Util\SetScanningParameters\SetScanningParameters.csproj", "{AAA48CFC-A7F7-49A5-A73F-15CF86D38CE3}"
EndProject
Project("{FAE04EC0-301F-11D3-BF4B-00C04F79EFBC}") = "ManageUserSets", "Util\ManageUserSets\ManageUserSets.csproj", "{0CD47985-03D6-4FFA-8DDC-C9E7E2B03792}"
EndProject
Project("{FAE04EC0-301F-11D3-BF4B-00C04F79EFBC}") = "SaveAndLoadUserSet", "Util\SaveAndLoadUserSet\SaveAndLoadUserSet.csproj", "{BDF716D7-49D5-4205-BDA1-423FD29A4C9F}"
EndProject
Project("{FAE04EC0-301F-11D3-BF4B-00C04F79EFBC}") = "Mapping2DImageToDepthMap", "Advanced\Mapping2DImageToDepthMap\Mapping2DImageToDepthMap.csproj", "{59524077-7806-4FAF-B799-A9C3DE5AD65D}"
EndProject
Project("{FAE04EC0-301F-11D3-BF4B-00C04F79EFBC}") = "SetParametersOfLaserCameras", "Advanced\SetParametersOfLaserCameras\SetParametersOfLaserCameras.csproj", "{55C61DEB-43A6-4C69-B824-D55FF1950A42}"
EndProject
Project("{FAE04EC0-301F-11D3-BF4B-00C04F79EFBC}") = "SetParametersOfUHPCameras", "Advanced\SetParametersOfUHPCameras\SetParametersOfUHPCameras.csproj", "{BE73DF44-A58A-4429-B04B-5B1BF1C8DC2C}"
EndProject
Project("{FAE04EC0-301F-11D3-BF4B-00C04F79EFBC}") = "RegisterCameraEvent", "Advanced\RegisterCameraEvent\RegisterCameraEvent.csproj", "{AD6FA5A3-D654-4328-AEB3-7E7E934D56CE}"
EndProject
Project("{FAE04EC0-301F-11D3-BF4B-00C04F79EFBC}") = "CaptureStereo2DImages", "Advanced\CaptureStereo2DImages\CaptureStereo2DImages.csproj", "{E7E40A64-22ED-4DEB-90F0-CB1DFDDF2CEC}"
EndProject
Project("{FAE04EC0-301F-11D3-BF4B-00C04F79EFBC}") = "TransformPointCloud", "Advanced\TransformPointCloud\TransformPointCloud.csproj", "{AA5ADAAA-FA32-46D3-B9FE-FEB4220E12E9}"
EndProject
Project("{FAE04EC0-301F-11D3-BF4B-00C04F79EFBC}") = "RenderDepthMap", "Advanced\RenderDepthMap\RenderDepthMap.csproj", "{BB6E38C8-2FAB-4B76-B603-BB8C0F35C62A}"
EndProject
Project("{FAE04EC0-301F-11D3-BF4B-00C04F79EFBC}") = "SaveVirtualDevice", "Basic\SaveVirtualDevice\SaveVirtualDevice.csproj", "{3B2856C9-47BD-4F0D-8DA6-DE75A1A890CE}"
EndProject
Project("{FAE04EC0-301F-11D3-BF4B-00C04F79EFBC}") = "WarmUp", "Advanced\WarmUp\WarmUp.csproj", "{C930D4CA-ADE7-45A7-A2C8-8AACF08AB25B}"
EndProject
Global
	GlobalSection(SolutionConfigurationPlatforms) = preSolution
		Debug|Any CPU = Debug|Any CPU
		Debug|x64 = Debug|x64
		Release|Any CPU = Release|Any CPU
		Release|x64 = Release|x64
	EndGlobalSection
	GlobalSection(ProjectConfigurationPlatforms) = postSolution
		{9676CDF5-B48D-4ECF-B337-621FF20092D8}.Debug|Any CPU.ActiveCfg = Debug|Any CPU
		{9676CDF5-B48D-4ECF-B337-621FF20092D8}.Debug|Any CPU.Build.0 = Debug|Any CPU
		{9676CDF5-B48D-4ECF-B337-621FF20092D8}.Debug|x64.ActiveCfg = Debug|x64
		{9676CDF5-B48D-4ECF-B337-621FF20092D8}.Debug|x64.Build.0 = Debug|x64
		{9676CDF5-B48D-4ECF-B337-621FF20092D8}.Release|Any CPU.ActiveCfg = Release|Any CPU
		{9676CDF5-B48D-4ECF-B337-621FF20092D8}.Release|Any CPU.Build.0 = Release|Any CPU
		{9676CDF5-B48D-4ECF-B337-621FF20092D8}.Release|x64.ActiveCfg = Release|x64
		{9676CDF5-B48D-4ECF-B337-621FF20092D8}.Release|x64.Build.0 = Release|x64
		{EDAAF5D2-9369-4DDC-8382-9D41CB5F5279}.Debug|Any CPU.ActiveCfg = Debug|Any CPU
		{EDAAF5D2-9369-4DDC-8382-9D41CB5F5279}.Debug|Any CPU.Build.0 = Debug|Any CPU
		{EDAAF5D2-9369-4DDC-8382-9D41CB5F5279}.Debug|x64.ActiveCfg = Debug|x64
		{EDAAF5D2-9369-4DDC-8382-9D41CB5F5279}.Debug|x64.Build.0 = Debug|x64
		{EDAAF5D2-9369-4DDC-8382-9D41CB5F5279}.Release|Any CPU.ActiveCfg = Release|Any CPU
		{EDAAF5D2-9369-4DDC-8382-9D41CB5F5279}.Release|Any CPU.Build.0 = Release|Any CPU
		{EDAAF5D2-9369-4DDC-8382-9D41CB5F5279}.Release|x64.ActiveCfg = Release|x64
		{EDAAF5D2-9369-4DDC-8382-9D41CB5F5279}.Release|x64.Build.0 = Release|x64
		{7D746F40-0729-4094-9DA8-7D4A49F5D72D}.Debug|Any CPU.ActiveCfg = Debug|Any CPU
		{7D746F40-0729-4094-9DA8-7D4A49F5D72D}.Debug|Any CPU.Build.0 = Debug|Any CPU
		{7D746F40-0729-4094-9DA8-7D4A49F5D72D}.Debug|x64.ActiveCfg = Debug|x64
		{7D746F40-0729-4094-9DA8-7D4A49F5D72D}.Debug|x64.Build.0 = Debug|x64
		{7D746F40-0729-4094-9DA8-7D4A49F5D72D}.Release|Any CPU.ActiveCfg = Release|Any CPU
		{7D746F40-0729-4094-9DA8-7D4A49F5D72D}.Release|Any CPU.Build.0 = Release|Any CPU
		{7D746F40-0729-4094-9DA8-7D4A49F5D72D}.Release|x64.ActiveCfg = Release|x64
		{7D746F40-0729-4094-9DA8-7D4A49F5D72D}.Release|x64.Build.0 = Release|x64
		{2952ED3D-5E77-4F15-8627-C74DD5A6F4A3}.Debug|Any CPU.ActiveCfg = Debug|Any CPU
		{2952ED3D-5E77-4F15-8627-C74DD5A6F4A3}.Debug|Any CPU.Build.0 = Debug|Any CPU
		{2952ED3D-5E77-4F15-8627-C74DD5A6F4A3}.Debug|x64.ActiveCfg = Debug|x64
		{2952ED3D-5E77-4F15-8627-C74DD5A6F4A3}.Debug|x64.Build.0 = Debug|x64
		{2952ED3D-5E77-4F15-8627-C74DD5A6F4A3}.Release|Any CPU.ActiveCfg = Release|Any CPU
		{2952ED3D-5E77-4F15-8627-C74DD5A6F4A3}.Release|Any CPU.Build.0 = Release|Any CPU
		{2952ED3D-5E77-4F15-8627-C74DD5A6F4A3}.Release|x64.ActiveCfg = Release|x64
		{2952ED3D-5E77-4F15-8627-C74DD5A6F4A3}.Release|x64.Build.0 = Release|x64
		{0B1ACEF0-0B2A-440A-B42B-03829F431188}.Debug|Any CPU.ActiveCfg = Debug|Any CPU
		{0B1ACEF0-0B2A-440A-B42B-03829F431188}.Debug|Any CPU.Build.0 = Debug|Any CPU
		{0B1ACEF0-0B2A-440A-B42B-03829F431188}.Debug|x64.ActiveCfg = Debug|x64
		{0B1ACEF0-0B2A-440A-B42B-03829F431188}.Debug|x64.Build.0 = Debug|x64
		{0B1ACEF0-0B2A-440A-B42B-03829F431188}.Release|Any CPU.ActiveCfg = Release|Any CPU
		{0B1ACEF0-0B2A-440A-B42B-03829F431188}.Release|Any CPU.Build.0 = Release|Any CPU
		{0B1ACEF0-0B2A-440A-B42B-03829F431188}.Release|x64.ActiveCfg = Release|x64
		{0B1ACEF0-0B2A-440A-B42B-03829F431188}.Release|x64.Build.0 = Release|x64
		{EB53944D-78C5-4E0B-BB78-B59C4CB07732}.Debug|Any CPU.ActiveCfg = Debug|Any CPU
		{EB53944D-78C5-4E0B-BB78-B59C4CB07732}.Debug|Any CPU.Build.0 = Debug|Any CPU
		{EB53944D-78C5-4E0B-BB78-B59C4CB07732}.Debug|x64.ActiveCfg = Debug|x64
		{EB53944D-78C5-4E0B-BB78-B59C4CB07732}.Debug|x64.Build.0 = Debug|x64
		{EB53944D-78C5-4E0B-BB78-B59C4CB07732}.Release|Any CPU.ActiveCfg = Release|Any CPU
		{EB53944D-78C5-4E0B-BB78-B59C4CB07732}.Release|Any CPU.Build.0 = Release|Any CPU
		{EB53944D-78C5-4E0B-BB78-B59C4CB07732}.Release|x64.ActiveCfg = Release|x64
		{EB53944D-78C5-4E0B-BB78-B59C4CB07732}.Release|x64.Build.0 = Release|x64
		{6BE8D07B-6DFD-4AB8-A129-7930FB230107}.Debug|Any CPU.ActiveCfg = Debug|Any CPU
		{6BE8D07B-6DFD-4AB8-A129-7930FB230107}.Debug|Any CPU.Build.0 = Debug|Any CPU
		{6BE8D07B-6DFD-4AB8-A129-7930FB230107}.Debug|x64.ActiveCfg = Debug|x64
		{6BE8D07B-6DFD-4AB8-A129-7930FB230107}.Debug|x64.Build.0 = Debug|x64
		{6BE8D07B-6DFD-4AB8-A129-7930FB230107}.Release|Any CPU.ActiveCfg = Release|Any CPU
		{6BE8D07B-6DFD-4AB8-A129-7930FB230107}.Release|Any CPU.Build.0 = Release|Any CPU
		{6BE8D07B-6DFD-4AB8-A129-7930FB230107}.Release|x64.ActiveCfg = Release|x64
		{6BE8D07B-6DFD-4AB8-A129-7930FB230107}.Release|x64.Build.0 = Release|x64
		{2FC8A72A-6A6A-44A8-B051-71ACD2F8D20D}.Debug|Any CPU.ActiveCfg = Debug|Any CPU
		{2FC8A72A-6A6A-44A8-B051-71ACD2F8D20D}.Debug|Any CPU.Build.0 = Debug|Any CPU
		{2FC8A72A-6A6A-44A8-B051-71ACD2F8D20D}.Debug|x64.ActiveCfg = Debug|x64
		{2FC8A72A-6A6A-44A8-B051-71ACD2F8D20D}.Debug|x64.Build.0 = Debug|x64
		{2FC8A72A-6A6A-44A8-B051-71ACD2F8D20D}.Release|Any CPU.ActiveCfg = Release|Any CPU
		{2FC8A72A-6A6A-44A8-B051-71ACD2F8D20D}.Release|Any CPU.Build.0 = Release|Any CPU
		{2FC8A72A-6A6A-44A8-B051-71ACD2F8D20D}.Release|x64.ActiveCfg = Release|x64
		{2FC8A72A-6A6A-44A8-B051-71ACD2F8D20D}.Release|x64.Build.0 = Release|x64
		{EFDEB798-4D61-4A79-9981-8E755ECB158B}.Debug|Any CPU.ActiveCfg = Debug|Any CPU
		{EFDEB798-4D61-4A79-9981-8E755ECB158B}.Debug|Any CPU.Build.0 = Debug|Any CPU
		{EFDEB798-4D61-4A79-9981-8E755ECB158B}.Debug|x64.ActiveCfg = Debug|x64
		{EFDEB798-4D61-4A79-9981-8E755ECB158B}.Debug|x64.Build.0 = Debug|x64
		{EFDEB798-4D61-4A79-9981-8E755ECB158B}.Release|Any CPU.ActiveCfg = Release|Any CPU
		{EFDEB798-4D61-4A79-9981-8E755ECB158B}.Release|Any CPU.Build.0 = Release|Any CPU
		{EFDEB798-4D61-4A79-9981-8E755ECB158B}.Release|x64.ActiveCfg = Release|x64
		{EFDEB798-4D61-4A79-9981-8E755ECB158B}.Release|x64.Build.0 = Release|x64
		{7E497210-9394-42C1-AA77-39ECA4FCDD9B}.Debug|Any CPU.ActiveCfg = Debug|Any CPU
		{7E497210-9394-42C1-AA77-39ECA4FCDD9B}.Debug|Any CPU.Build.0 = Debug|Any CPU
		{7E497210-9394-42C1-AA77-39ECA4FCDD9B}.Debug|x64.ActiveCfg = Debug|x64
		{7E497210-9394-42C1-AA77-39ECA4FCDD9B}.Debug|x64.Build.0 = Debug|x64
		{7E497210-9394-42C1-AA77-39ECA4FCDD9B}.Release|Any CPU.ActiveCfg = Release|Any CPU
		{7E497210-9394-42C1-AA77-39ECA4FCDD9B}.Release|Any CPU.Build.0 = Release|Any CPU
		{7E497210-9394-42C1-AA77-39ECA4FCDD9B}.Release|x64.ActiveCfg = Release|x64
		{7E497210-9394-42C1-AA77-39ECA4FCDD9B}.Release|x64.Build.0 = Release|x64
		{B886D300-E70D-4530-9B38-046F91E7A133}.Debug|Any CPU.ActiveCfg = Debug|Any CPU
		{B886D300-E70D-4530-9B38-046F91E7A133}.Debug|Any CPU.Build.0 = Debug|Any CPU
		{B886D300-E70D-4530-9B38-046F91E7A133}.Debug|x64.ActiveCfg = Debug|x64
		{B886D300-E70D-4530-9B38-046F91E7A133}.Debug|x64.Build.0 = Debug|x64
		{B886D300-E70D-4530-9B38-046F91E7A133}.Release|Any CPU.ActiveCfg = Release|Any CPU
		{B886D300-E70D-4530-9B38-046F91E7A133}.Release|Any CPU.Build.0 = Release|Any CPU
		{B886D300-E70D-4530-9B38-046F91E7A133}.Release|x64.ActiveCfg = Release|x64
		{B886D300-E70D-4530-9B38-046F91E7A133}.Release|x64.Build.0 = Release|x64
		{3C9D8BA2-9B0E-4E1F-A3E9-BD095D4F28C1}.Debug|Any CPU.ActiveCfg = Debug|Any CPU
		{3C9D8BA2-9B0E-4E1F-A3E9-BD095D4F28C1}.Debug|Any CPU.Build.0 = Debug|Any CPU
		{3C9D8BA2-9B0E-4E1F-A3E9-BD095D4F28C1}.Debug|x64.ActiveCfg = Debug|x64
		{3C9D8BA2-9B0E-4E1F-A3E9-BD095D4F28C1}.Debug|x64.Build.0 = Debug|x64
		{3C9D8BA2-9B0E-4E1F-A3E9-BD095D4F28C1}.Release|Any CPU.ActiveCfg = Release|Any CPU
		{3C9D8BA2-9B0E-4E1F-A3E9-BD095D4F28C1}.Release|Any CPU.Build.0 = Release|Any CPU
		{3C9D8BA2-9B0E-4E1F-A3E9-BD095D4F28C1}.Release|x64.ActiveCfg = Release|x64
		{3C9D8BA2-9B0E-4E1F-A3E9-BD095D4F28C1}.Release|x64.Build.0 = Release|x64
		{5762BB21-7544-492F-A3C4-A8FD68267019}.Debug|Any CPU.ActiveCfg = Debug|Any CPU
		{5762BB21-7544-492F-A3C4-A8FD68267019}.Debug|Any CPU.Build.0 = Debug|Any CPU
		{5762BB21-7544-492F-A3C4-A8FD68267019}.Debug|x64.ActiveCfg = Debug|x64
		{5762BB21-7544-492F-A3C4-A8FD68267019}.Debug|x64.Build.0 = Debug|x64
		{5762BB21-7544-492F-A3C4-A8FD68267019}.Release|Any CPU.ActiveCfg = Release|Any CPU
		{5762BB21-7544-492F-A3C4-A8FD68267019}.Release|Any CPU.Build.0 = Release|Any CPU
		{5762BB21-7544-492F-A3C4-A8FD68267019}.Release|x64.ActiveCfg = Release|x64
		{5762BB21-7544-492F-A3C4-A8FD68267019}.Release|x64.Build.0 = Release|x64
		{B9366EAE-914F-442F-A339-B620B95BCB49}.Debug|Any CPU.ActiveCfg = Debug|Any CPU
		{B9366EAE-914F-442F-A339-B620B95BCB49}.Debug|Any CPU.Build.0 = Debug|Any CPU
		{B9366EAE-914F-442F-A339-B620B95BCB49}.Debug|x64.ActiveCfg = Debug|x64
		{B9366EAE-914F-442F-A339-B620B95BCB49}.Debug|x64.Build.0 = Debug|x64
		{B9366EAE-914F-442F-A339-B620B95BCB49}.Release|Any CPU.ActiveCfg = Release|Any CPU
		{B9366EAE-914F-442F-A339-B620B95BCB49}.Release|Any CPU.Build.0 = Release|Any CPU
		{B9366EAE-914F-442F-A339-B620B95BCB49}.Release|x64.ActiveCfg = Release|x64
		{B9366EAE-914F-442F-A339-B620B95BCB49}.Release|x64.Build.0 = Release|x64
		{A6F98E9B-6E26-4D54-8E4A-B468DB0D4403}.Debug|Any CPU.ActiveCfg = Debug|Any CPU
		{A6F98E9B-6E26-4D54-8E4A-B468DB0D4403}.Debug|Any CPU.Build.0 = Debug|Any CPU
		{A6F98E9B-6E26-4D54-8E4A-B468DB0D4403}.Debug|x64.ActiveCfg = Debug|x64
		{A6F98E9B-6E26-4D54-8E4A-B468DB0D4403}.Debug|x64.Build.0 = Debug|x64
		{A6F98E9B-6E26-4D54-8E4A-B468DB0D4403}.Release|Any CPU.ActiveCfg = Release|Any CPU
		{A6F98E9B-6E26-4D54-8E4A-B468DB0D4403}.Release|Any CPU.Build.0 = Release|Any CPU
		{A6F98E9B-6E26-4D54-8E4A-B468DB0D4403}.Release|x64.ActiveCfg = Release|x64
		{A6F98E9B-6E26-4D54-8E4A-B468DB0D4403}.Release|x64.Build.0 = Release|x64
		{9623575F-75D4-488C-92AE-D367403FA230}.Debug|Any CPU.ActiveCfg = Debug|Any CPU
		{9623575F-75D4-488C-92AE-D367403FA230}.Debug|Any CPU.Build.0 = Debug|Any CPU
		{9623575F-75D4-488C-92AE-D367403FA230}.Debug|x64.ActiveCfg = Debug|x64
		{9623575F-75D4-488C-92AE-D367403FA230}.Debug|x64.Build.0 = Debug|x64
		{9623575F-75D4-488C-92AE-D367403FA230}.Release|Any CPU.ActiveCfg = Release|Any CPU
		{9623575F-75D4-488C-92AE-D367403FA230}.Release|Any CPU.Build.0 = Release|Any CPU
		{9623575F-75D4-488C-92AE-D367403FA230}.Release|x64.ActiveCfg = Release|x64
		{9623575F-75D4-488C-92AE-D367403FA230}.Release|x64.Build.0 = Release|x64
		{EE028242-AA11-449B-B438-737C30AD6DF7}.Debug|Any CPU.ActiveCfg = Debug|Any CPU
		{EE028242-AA11-449B-B438-737C30AD6DF7}.Debug|Any CPU.Build.0 = Debug|Any CPU
		{EE028242-AA11-449B-B438-737C30AD6DF7}.Debug|x64.ActiveCfg = Debug|x64
		{EE028242-AA11-449B-B438-737C30AD6DF7}.Debug|x64.Build.0 = Debug|x64
		{EE028242-AA11-449B-B438-737C30AD6DF7}.Release|Any CPU.ActiveCfg = Release|Any CPU
		{EE028242-AA11-449B-B438-737C30AD6DF7}.Release|Any CPU.Build.0 = Release|Any CPU
		{EE028242-AA11-449B-B438-737C30AD6DF7}.Release|x64.ActiveCfg = Release|x64
		{EE028242-AA11-449B-B438-737C30AD6DF7}.Release|x64.Build.0 = Release|x64
		{AAA48CFC-A7F7-49A5-A73F-15CF86D38CE3}.Debug|Any CPU.ActiveCfg = Debug|Any CPU
		{AAA48CFC-A7F7-49A5-A73F-15CF86D38CE3}.Debug|Any CPU.Build.0 = Debug|Any CPU
		{AAA48CFC-A7F7-49A5-A73F-15CF86D38CE3}.Debug|x64.ActiveCfg = Debug|x64
		{AAA48CFC-A7F7-49A5-A73F-15CF86D38CE3}.Debug|x64.Build.0 = Debug|x64
		{AAA48CFC-A7F7-49A5-A73F-15CF86D38CE3}.Release|Any CPU.ActiveCfg = Release|Any CPU
		{AAA48CFC-A7F7-49A5-A73F-15CF86D38CE3}.Release|Any CPU.Build.0 = Release|Any CPU
		{AAA48CFC-A7F7-49A5-A73F-15CF86D38CE3}.Release|x64.ActiveCfg = Release|x64
		{AAA48CFC-A7F7-49A5-A73F-15CF86D38CE3}.Release|x64.Build.0 = Release|x64
		{0CD47985-03D6-4FFA-8DDC-C9E7E2B03792}.Debug|Any CPU.ActiveCfg = Debug|Any CPU
		{0CD47985-03D6-4FFA-8DDC-C9E7E2B03792}.Debug|Any CPU.Build.0 = Debug|Any CPU
		{0CD47985-03D6-4FFA-8DDC-C9E7E2B03792}.Debug|x64.ActiveCfg = Debug|x64
		{0CD47985-03D6-4FFA-8DDC-C9E7E2B03792}.Debug|x64.Build.0 = Debug|x64
		{0CD47985-03D6-4FFA-8DDC-C9E7E2B03792}.Release|Any CPU.ActiveCfg = Release|Any CPU
		{0CD47985-03D6-4FFA-8DDC-C9E7E2B03792}.Release|Any CPU.Build.0 = Release|Any CPU
		{0CD47985-03D6-4FFA-8DDC-C9E7E2B03792}.Release|x64.ActiveCfg = Release|x64
		{0CD47985-03D6-4FFA-8DDC-C9E7E2B03792}.Release|x64.Build.0 = Release|x64
		{BDF716D7-49D5-4205-BDA1-423FD29A4C9F}.Debug|Any CPU.ActiveCfg = Debug|Any CPU
		{BDF716D7-49D5-4205-BDA1-423FD29A4C9F}.Debug|Any CPU.Build.0 = Debug|Any CPU
		{BDF716D7-49D5-4205-BDA1-423FD29A4C9F}.Debug|x64.ActiveCfg = Debug|x64
		{BDF716D7-49D5-4205-BDA1-423FD29A4C9F}.Debug|x64.Build.0 = Debug|x64
		{BDF716D7-49D5-4205-BDA1-423FD29A4C9F}.Release|Any CPU.ActiveCfg = Release|Any CPU
		{BDF716D7-49D5-4205-BDA1-423FD29A4C9F}.Release|Any CPU.Build.0 = Release|Any CPU
		{BDF716D7-49D5-4205-BDA1-423FD29A4C9F}.Release|x64.ActiveCfg = Release|x64
		{BDF716D7-49D5-4205-BDA1-423FD29A4C9F}.Release|x64.Build.0 = Release|x64
		{59524077-7806-4FAF-B799-A9C3DE5AD65D}.Debug|Any CPU.ActiveCfg = Debug|Any CPU
		{59524077-7806-4FAF-B799-A9C3DE5AD65D}.Debug|Any CPU.Build.0 = Debug|Any CPU
		{59524077-7806-4FAF-B799-A9C3DE5AD65D}.Debug|x64.ActiveCfg = Debug|x64
		{59524077-7806-4FAF-B799-A9C3DE5AD65D}.Debug|x64.Build.0 = Debug|x64
		{59524077-7806-4FAF-B799-A9C3DE5AD65D}.Release|Any CPU.ActiveCfg = Release|Any CPU
		{59524077-7806-4FAF-B799-A9C3DE5AD65D}.Release|Any CPU.Build.0 = Release|Any CPU
		{59524077-7806-4FAF-B799-A9C3DE5AD65D}.Release|x64.ActiveCfg = Release|x64
		{59524077-7806-4FAF-B799-A9C3DE5AD65D}.Release|x64.Build.0 = Release|x64
		{55C61DEB-43A6-4C69-B824-D55FF1950A42}.Debug|Any CPU.ActiveCfg = Debug|Any CPU
		{55C61DEB-43A6-4C69-B824-D55FF1950A42}.Debug|Any CPU.Build.0 = Debug|Any CPU
		{55C61DEB-43A6-4C69-B824-D55FF1950A42}.Debug|x64.ActiveCfg = Debug|x64
		{55C61DEB-43A6-4C69-B824-D55FF1950A42}.Debug|x64.Build.0 = Debug|x64
		{55C61DEB-43A6-4C69-B824-D55FF1950A42}.Release|Any CPU.ActiveCfg = Release|Any CPU
		{55C61DEB-43A6-4C69-B824-D55FF1950A42}.Release|Any CPU.Build.0 = Release|Any CPU
		{55C61DEB-43A6-4C69-B824-D55FF1950A42}.Release|x64.ActiveCfg = Release|x64
		{55C61DEB-43A6-4C69-B824-D55FF1950A42}.Release|x64.Build.0 = Release|x64
		{BE73DF44-A58A-4429-B04B-5B1BF1C8DC2C}.Debug|Any CPU.ActiveCfg = Debug|Any CPU
		{BE73DF44-A58A-4429-B04B-5B1BF1C8DC2C}.Debug|Any CPU.Build.0 = Debug|Any CPU
		{BE73DF44-A58A-4429-B04B-5B1BF1C8DC2C}.Debug|x64.ActiveCfg = Debug|x64
		{BE73DF44-A58A-4429-B04B-5B1BF1C8DC2C}.Debug|x64.Build.0 = Debug|x64
		{BE73DF44-A58A-4429-B04B-5B1BF1C8DC2C}.Release|Any CPU.ActiveCfg = Release|Any CPU
		{BE73DF44-A58A-4429-B04B-5B1BF1C8DC2C}.Release|Any CPU.Build.0 = Release|Any CPU
		{BE73DF44-A58A-4429-B04B-5B1BF1C8DC2C}.Release|x64.ActiveCfg = Release|x64
		{BE73DF44-A58A-4429-B04B-5B1BF1C8DC2C}.Release|x64.Build.0 = Release|x64
		{AD6FA5A3-D654-4328-AEB3-7E7E934D56CE}.Debug|Any CPU.ActiveCfg = Debug|Any CPU
		{AD6FA5A3-D654-4328-AEB3-7E7E934D56CE}.Debug|Any CPU.Build.0 = Debug|Any CPU
		{AD6FA5A3-D654-4328-AEB3-7E7E934D56CE}.Debug|x64.ActiveCfg = Debug|x64
		{AD6FA5A3-D654-4328-AEB3-7E7E934D56CE}.Debug|x64.Build.0 = Debug|x64
		{AD6FA5A3-D654-4328-AEB3-7E7E934D56CE}.Release|Any CPU.ActiveCfg = Release|Any CPU
		{AD6FA5A3-D654-4328-AEB3-7E7E934D56CE}.Release|Any CPU.Build.0 = Release|Any CPU
		{AD6FA5A3-D654-4328-AEB3-7E7E934D56CE}.Release|x64.ActiveCfg = Release|x64
		{AD6FA5A3-D654-4328-AEB3-7E7E934D56CE}.Release|x64.Build.0 = Release|x64
		{E7E40A64-22ED-4DEB-90F0-CB1DFDDF2CEC}.Debug|Any CPU.ActiveCfg = Debug|Any CPU
		{E7E40A64-22ED-4DEB-90F0-CB1DFDDF2CEC}.Debug|Any CPU.Build.0 = Debug|Any CPU
		{E7E40A64-22ED-4DEB-90F0-CB1DFDDF2CEC}.Debug|x64.ActiveCfg = Debug|x64
		{E7E40A64-22ED-4DEB-90F0-CB1DFDDF2CEC}.Debug|x64.Build.0 = Debug|x64
		{E7E40A64-22ED-4DEB-90F0-CB1DFDDF2CEC}.Release|Any CPU.ActiveCfg = Release|Any CPU
		{E7E40A64-22ED-4DEB-90F0-CB1DFDDF2CEC}.Release|Any CPU.Build.0 = Release|Any CPU
		{E7E40A64-22ED-4DEB-90F0-CB1DFDDF2CEC}.Release|x64.ActiveCfg = Release|x64
		{E7E40A64-22ED-4DEB-90F0-CB1DFDDF2CEC}.Release|x64.Build.0 = Release|x64
		{AA5ADAAA-FA32-46D3-B9FE-FEB4220E12E9}.Debug|Any CPU.ActiveCfg = Debug|Any CPU
		{AA5ADAAA-FA32-46D3-B9FE-FEB4220E12E9}.Debug|Any CPU.Build.0 = Debug|Any CPU
		{AA5ADAAA-FA32-46D3-B9FE-FEB4220E12E9}.Debug|x64.ActiveCfg = Debug|x64
		{AA5ADAAA-FA32-46D3-B9FE-FEB4220E12E9}.Debug|x64.Build.0 = Debug|x64
		{AA5ADAAA-FA32-46D3-B9FE-FEB4220E12E9}.Release|Any CPU.ActiveCfg = Release|Any CPU
		{AA5ADAAA-FA32-46D3-B9FE-FEB4220E12E9}.Release|Any CPU.Build.0 = Release|Any CPU
		{AA5ADAAA-FA32-46D3-B9FE-FEB4220E12E9}.Release|x64.ActiveCfg = Release|x64
		{AA5ADAAA-FA32-46D3-B9FE-FEB4220E12E9}.Release|x64.Build.0 = Release|x64
		{BB6E38C8-2FAB-4B76-B603-BB8C0F35C62A}.Debug|Any CPU.ActiveCfg = Debug|Any CPU
		{BB6E38C8-2FAB-4B76-B603-BB8C0F35C62A}.Debug|Any CPU.Build.0 = Debug|Any CPU
		{BB6E38C8-2FAB-4B76-B603-BB8C0F35C62A}.Debug|x64.ActiveCfg = Debug|x64
		{BB6E38C8-2FAB-4B76-B603-BB8C0F35C62A}.Debug|x64.Build.0 = Debug|x64
		{BB6E38C8-2FAB-4B76-B603-BB8C0F35C62A}.Release|Any CPU.ActiveCfg = Release|Any CPU
		{BB6E38C8-2FAB-4B76-B603-BB8C0F35C62A}.Release|Any CPU.Build.0 = Release|Any CPU
		{BB6E38C8-2FAB-4B76-B603-BB8C0F35C62A}.Release|x64.ActiveCfg = Release|x64
		{BB6E38C8-2FAB-4B76-B603-BB8C0F35C62A}.Release|x64.Build.0 = Release|x64
		{3B2856C9-47BD-4F0D-8DA6-DE75A1A890CE}.Debug|Any CPU.ActiveCfg = Debug|Any CPU
		{3B2856C9-47BD-4F0D-8DA6-DE75A1A890CE}.Debug|Any CPU.Build.0 = Debug|Any CPU
		{3B2856C9-47BD-4F0D-8DA6-DE75A1A890CE}.Debug|x64.ActiveCfg = Debug|x64
		{3B2856C9-47BD-4F0D-8DA6-DE75A1A890CE}.Debug|x64.Build.0 = Debug|x64
		{3B2856C9-47BD-4F0D-8DA6-DE75A1A890CE}.Release|Any CPU.ActiveCfg = Release|Any CPU
		{3B2856C9-47BD-4F0D-8DA6-DE75A1A890CE}.Release|Any CPU.Build.0 = Release|Any CPU
		{3B2856C9-47BD-4F0D-8DA6-DE75A1A890CE}.Release|x64.ActiveCfg = Release|x64
		{3B2856C9-47BD-4F0D-8DA6-DE75A1A890CE}.Release|x64.Build.0 = Release|x64
		{C930D4CA-ADE7-45A7-A2C8-8AACF08AB25B}.Debug|Any CPU.ActiveCfg = Debug|Any CPU
		{C930D4CA-ADE7-45A7-A2C8-8AACF08AB25B}.Debug|Any CPU.Build.0 = Debug|Any CPU
		{C930D4CA-ADE7-45A7-A2C8-8AACF08AB25B}.Debug|x64.ActiveCfg = Debug|x64
		{C930D4CA-ADE7-45A7-A2C8-8AACF08AB25B}.Debug|x64.Build.0 = Debug|x64
		{C930D4CA-ADE7-45A7-A2C8-8AACF08AB25B}.Release|Any CPU.ActiveCfg = Release|Any CPU
		{C930D4CA-ADE7-45A7-A2C8-8AACF08AB25B}.Release|Any CPU.Build.0 = Release|Any CPU
		{C930D4CA-ADE7-45A7-A2C8-8AACF08AB25B}.Release|x64.ActiveCfg = Release|x64
		{C930D4CA-ADE7-45A7-A2C8-8AACF08AB25B}.Release|x64.Build.0 = Release|x64
	EndGlobalSection
	GlobalSection(SolutionProperties) = preSolution
		HideSolutionNode = FALSE
	EndGlobalSection
	GlobalSection(NestedProjects) = preSolution
		{9676CDF5-B48D-4ECF-B337-621FF20092D8} = {209A38F1-163D-4173-9ED2-BD59CD3BA1DA}
		{EDAAF5D2-9369-4DDC-8382-9D41CB5F5279} = {7F571407-D08F-48B4-BAA3-C4D4DF63F453}
		{7D746F40-0729-4094-9DA8-7D4A49F5D72D} = {7F571407-D08F-48B4-BAA3-C4D4DF63F453}
		{2952ED3D-5E77-4F15-8627-C74DD5A6F4A3} = {7F571407-D08F-48B4-BAA3-C4D4DF63F453}
		{0B1ACEF0-0B2A-440A-B42B-03829F431188} = {D90FD97A-C8E1-46D6-86BB-A4C1C4CB061E}
		{EB53944D-78C5-4E0B-BB78-B59C4CB07732} = {65AAF933-29E5-46B7-BDA7-C4F0DA611C09}
		{6BE8D07B-6DFD-4AB8-A129-7930FB230107} = {65AAF933-29E5-46B7-BDA7-C4F0DA611C09}
		{2FC8A72A-6A6A-44A8-B051-71ACD2F8D20D} = {65AAF933-29E5-46B7-BDA7-C4F0DA611C09}
		{EFDEB798-4D61-4A79-9981-8E755ECB158B} = {7F571407-D08F-48B4-BAA3-C4D4DF63F453}
		{7E497210-9394-42C1-AA77-39ECA4FCDD9B} = {7F571407-D08F-48B4-BAA3-C4D4DF63F453}
		{B886D300-E70D-4530-9B38-046F91E7A133} = {209A38F1-163D-4173-9ED2-BD59CD3BA1DA}
		{3C9D8BA2-9B0E-4E1F-A3E9-BD095D4F28C1} = {209A38F1-163D-4173-9ED2-BD59CD3BA1DA}
		{5762BB21-7544-492F-A3C4-A8FD68267019} = {209A38F1-163D-4173-9ED2-BD59CD3BA1DA}
		{B9366EAE-914F-442F-A339-B620B95BCB49} = {209A38F1-163D-4173-9ED2-BD59CD3BA1DA}
		{A6F98E9B-6E26-4D54-8E4A-B468DB0D4403} = {7F571407-D08F-48B4-BAA3-C4D4DF63F453}
		{9623575F-75D4-488C-92AE-D367403FA230} = {7F571407-D08F-48B4-BAA3-C4D4DF63F453}
		{EE028242-AA11-449B-B438-737C30AD6DF7} = {65AAF933-29E5-46B7-BDA7-C4F0DA611C09}
		{AAA48CFC-A7F7-49A5-A73F-15CF86D38CE3} = {65AAF933-29E5-46B7-BDA7-C4F0DA611C09}
		{0CD47985-03D6-4FFA-8DDC-C9E7E2B03792} = {65AAF933-29E5-46B7-BDA7-C4F0DA611C09}
		{BDF716D7-49D5-4205-BDA1-423FD29A4C9F} = {65AAF933-29E5-46B7-BDA7-C4F0DA611C09}
		{59524077-7806-4FAF-B799-A9C3DE5AD65D} = {209A38F1-163D-4173-9ED2-BD59CD3BA1DA}
		{55C61DEB-43A6-4C69-B824-D55FF1950A42} = {209A38F1-163D-4173-9ED2-BD59CD3BA1DA}
		{BE73DF44-A58A-4429-B04B-5B1BF1C8DC2C} = {209A38F1-163D-4173-9ED2-BD59CD3BA1DA}
		{AD6FA5A3-D654-4328-AEB3-7E7E934D56CE} = {209A38F1-163D-4173-9ED2-BD59CD3BA1DA}
		{E7E40A64-22ED-4DEB-90F0-CB1DFDDF2CEC} = {209A38F1-163D-4173-9ED2-BD59CD3BA1DA}
		{AA5ADAAA-FA32-46D3-B9FE-FEB4220E12E9} = {209A38F1-163D-4173-9ED2-BD59CD3BA1DA}
		{BB6E38C8-2FAB-4B76-B603-BB8C0F35C62A} = {209A38F1-163D-4173-9ED2-BD59CD3BA1DA}
		{3B2856C9-47BD-4F0D-8DA6-DE75A1A890CE} = {7F571407-D08F-48B4-BAA3-C4D4DF63F453}
		{C930D4CA-ADE7-45A7-A2C8-8AACF08AB25B} = {209A38F1-163D-4173-9ED2-BD59CD3BA1DA}
	EndGlobalSection
	GlobalSection(ExtensibilityGlobals) = postSolution
		SolutionGuid = {6166224C-BBD6-4A66-8C7F-23013FA47362}
	EndGlobalSection
EndGlobal
